
Microsoft Visual Studio Solution File, Format Version 12.00
# Visual Studio 15
VisualStudioVersion = 15.0.27004.2008
MinimumVisualStudioVersion = 10.0.40219.1
Project("{FAE04EC0-301F-11D3-BF4B-00C04F79EFBC}") = "test", "test\test.csproj", "{9E1705EE-BED6-4B49-BAD0-0B63522A6571}"
EndProject
Global
	GlobalSection(SolutionConfigurationPlatforms) = preSolution
		Debug|Any CPU = Debug|Any CPU
		Release|Any CPU = Release|Any CPU
	EndGlobalSection
	GlobalSection(ProjectConfigurationPlatforms) = postSolution
		{9E1705EE-BED6-4B49-BAD0-0B63522A6571}.Debug|Any CPU.ActiveCfg = Debug|Any CPU
		{9E1705EE-BED6-4B49-BAD0-0B63522A6571}.Debug|Any CPU.Build.0 = Debug|Any CPU
		{9E1705EE-BED6-4B49-BAD0-0B63522A6571}.Release|Any CPU.ActiveCfg = Release|Any CPU
		{9E1705EE-BED6-4B49-BAD0-0B63522A6571}.Release|Any CPU.Build.0 = Release|Any CPU
	EndGlobalSection
	GlobalSection(SolutionProperties) = preSolution
		HideSolutionNode = FALSE
	EndGlobalSection
	GlobalSection(ExtensibilityGlobals) = postSolution
		SolutionGuid = {EF7B3096-804C-4D1D-A39C-6700F9A673AE}
	EndGlobalSection
EndGlobal
